hash: 87059f4a0d95e8611c4ebb202577fa62fa45014c932e30b709564e8adf4ed4f0
updated: 2016-08-23T19:37:25.481677732-04:00
imports:
- name: github.com/Masterminds/glide
  version: a539433d59f5a47ce0a2e29295619728f72adc93
  subpackages:
  - cache
  - cfg
  - dependency
  - godep/strip
  - mirrors
  - msg
  - path
  - util
- name: github.com/Masterminds/semver
  version: 8d0431362b544d1a3536cca26684828866a7de09
- name: github.com/Masterminds/vcs
  version: fbe9fb6ad5b5f35b3e82a7c21123cfc526cbf895
- name: github.com/urfave/cli
  version: 1efa31f08b9333f1bd4882d61f9d668a70cd902e
- name: gopkg.in/yaml.v2
  version: 53feefa2559fb8dfa8d81baad31be332c97d6c77
testImports: []
